
Microsoft Visual Studio Solution File, Format Version 12.00
# Visual Studio 15
VisualStudioVersion = 15.0.26228.4
MinimumVisualStudioVersion = 10.0.40219.1
Project("{FAE04EC0-301F-11D3-BF4B-00C04F79EFBC}") = "Siparis.Core", "Siparis.Core\Siparis.Core.csproj", "{1F7887A8-A88B-4DC2-B579-2B10D423CE7F}"
EndProject
Project("{FAE04EC0-301F-11D3-BF4B-00C04F79EFBC}") = "Siparis.DataAccess", "Siparis.DataAccess\Siparis.DataAccess.csproj", "{DFDB56DC-5782-454E-B650-B09A99A7EF6B}"
EndProject
Project("{FAE04EC0-301F-11D3-BF4B-00C04F79EFBC}") = "Siparis.BusinessLogic", "Siparis.BusinessLogic\Siparis.BusinessLogic.csproj", "{F09D8591-875B-4958-8C6F-E2F15BF8A3A3}"
EndProject
Project("{FAE04EC0-301F-11D3-BF4B-00C04F79EFBC}") = "Siparis.MvcWebUI", "Siparis.MvcWebUI\Siparis.MvcWebUI.csproj", "{F405C431-7140-40F4-8DFB-5AA90C2BF099}"
EndProject
Project("{FAE04EC0-301F-11D3-BF4B-00C04F79EFBC}") = "Siparis.Entity", "Siparis.Entity\Siparis.Entity.csproj", "{599EEC70-A544-40AE-BFAF-EA3E3AD6D329}"
EndProject
Project("{FAE04EC0-301F-11D3-BF4B-00C04F79EFBC}") = "Siparis.DataAccessTest", "Siparis.DataAccessTest\Siparis.DataAccessTest.csproj", "{4460BDCF-6294-4EFA-9F7A-D18AB6D4A125}"
EndProject
Project("{FAE04EC0-301F-11D3-BF4B-00C04F79EFBC}") = "Siparis.BusinessLogicTest", "Siparis.BusinessLogicTest\Siparis.BusinessLogicTest.csproj", "{A8D5CED7-0CAF-452A-8222-7140ECBA16A6}"
EndProject
Global
	GlobalSection(SolutionConfigurationPlatforms) = preSolution
		Debug|Any CPU = Debug|Any CPU
		Release|Any CPU = Release|Any CPU
	EndGlobalSection
	GlobalSection(ProjectConfigurationPlatforms) = postSolution
		{1F7887A8-A88B-4DC2-B579-2B10D423CE7F}.Debug|Any CPU.ActiveCfg = Debug|Any CPU
		{1F7887A8-A88B-4DC2-B579-2B10D423CE7F}.Debug|Any CPU.Build.0 = Debug|Any CPU
		{1F7887A8-A88B-4DC2-B579-2B10D423CE7F}.Release|Any CPU.ActiveCfg = Release|Any CPU
		{1F7887A8-A88B-4DC2-B579-2B10D423CE7F}.Release|Any CPU.Build.0 = Release|Any CPU
		{DFDB56DC-5782-454E-B650-B09A99A7EF6B}.Debug|Any CPU.ActiveCfg = Debug|Any CPU
		{DFDB56DC-5782-454E-B650-B09A99A7EF6B}.Debug|Any CPU.Build.0 = Debug|Any CPU
		{DFDB56DC-5782-454E-B650-B09A99A7EF6B}.Release|Any CPU.ActiveCfg = Release|Any CPU
		{DFDB56DC-5782-454E-B650-B09A99A7EF6B}.Release|Any CPU.Build.0 = Release|Any CPU
		{F09D8591-875B-4958-8C6F-E2F15BF8A3A3}.Debug|Any CPU.ActiveCfg = Debug|Any CPU
		{F09D8591-875B-4958-8C6F-E2F15BF8A3A3}.Debug|Any CPU.Build.0 = Debug|Any CPU
		{F09D8591-875B-4958-8C6F-E2F15BF8A3A3}.Release|Any CPU.ActiveCfg = Release|Any CPU
		{F09D8591-875B-4958-8C6F-E2F15BF8A3A3}.Release|Any CPU.Build.0 = Release|Any CPU
		{F405C431-7140-40F4-8DFB-5AA90C2BF099}.Debug|Any CPU.ActiveCfg = Debug|Any CPU
		{F405C431-7140-40F4-8DFB-5AA90C2BF099}.Debug|Any CPU.Build.0 = Debug|Any CPU
		{F405C431-7140-40F4-8DFB-5AA90C2BF099}.Release|Any CPU.ActiveCfg = Release|Any CPU
		{F405C431-7140-40F4-8DFB-5AA90C2BF099}.Release|Any CPU.Build.0 = Release|Any CPU
		{599EEC70-A544-40AE-BFAF-EA3E3AD6D329}.Debug|Any CPU.ActiveCfg = Debug|Any CPU
		{599EEC70-A544-40AE-BFAF-EA3E3AD6D329}.Debug|Any CPU.Build.0 = Debug|Any CPU
		{599EEC70-A544-40AE-BFAF-EA3E3AD6D329}.Release|Any CPU.ActiveCfg = Release|Any CPU
		{599EEC70-A544-40AE-BFAF-EA3E3AD6D329}.Release|Any CPU.Build.0 = Release|Any CPU
		{4460BDCF-6294-4EFA-9F7A-D18AB6D4A125}.Debug|Any CPU.ActiveCfg = Debug|Any CPU
		{4460BDCF-6294-4EFA-9F7A-D18AB6D4A125}.Debug|Any CPU.Build.0 = Debug|Any CPU
		{4460BDCF-6294-4EFA-9F7A-D18AB6D4A125}.Release|Any CPU.ActiveCfg = Release|Any CPU
		{4460BDCF-6294-4EFA-9F7A-D18AB6D4A125}.Release|Any CPU.Build.0 = Release|Any CPU
		{A8D5CED7-0CAF-452A-8222-7140ECBA16A6}.Debug|Any CPU.ActiveCfg = Debug|Any CPU
		{A8D5CED7-0CAF-452A-8222-7140ECBA16A6}.Debug|Any CPU.Build.0 = Debug|Any CPU
		{A8D5CED7-0CAF-452A-8222-7140ECBA16A6}.Release|Any CPU.ActiveCfg = Release|Any CPU
		{A8D5CED7-0CAF-452A-8222-7140ECBA16A6}.Release|Any CPU.Build.0 = Release|Any CPU
	EndGlobalSection
	GlobalSection(SolutionProperties) = preSolution
		HideSolutionNode = FALSE
	EndGlobalSection
EndGlobal
